// !$*UTF8*$!
{
	archiveVersion = 1;
	classes = {
	};
	objectVersion = 56;
	objects = {

/* Begin PBXBuildFile section */
		3415C0C52AC181BB002487B4 /* BuySongButton.swift in Sources */ = {isa = PBXBuildFile; fileRef = 3415C0C42AC181BB002487B4 /* BuySongButton.swift */; };
		3423E8F92AB747F200DD9860 /* APIError.swift in Sources */ = {isa = PBXBuildFile; fileRef = 3423E8F82AB747F200DD9860 /* APIError.swift */; };
		3423E8FB2AB7514F00DD9860 /* APIService.swift in Sources */ = {isa = PBXBuildFile; fileRef = 3423E8FA2AB7514F00DD9860 /* APIService.swift */; };
		344112CC2ABC400E00672F7B /* SearchAllListView.swift in Sources */ = {isa = PBXBuildFile; fileRef = 344112CB2ABC400E00672F7B /* SearchAllListView.swift */; };
		344112CE2ABC413900672F7B /* SongListView.swift in Sources */ = {isa = PBXBuildFile; fileRef = 344112CD2ABC413900672F7B /* SongListView.swift */; };
		344112D02ABC454100672F7B /* SearchPlaceholderView.swift in Sources */ = {isa = PBXBuildFile; fileRef = 344112CF2ABC454100672F7B /* SearchPlaceholderView.swift */; };
		344112D42ABC5C8400672F7B /* SongRowView.swift in Sources */ = {isa = PBXBuildFile; fileRef = 344112D32ABC5C8400672F7B /* SongRowView.swift */; };
		344112D72ABC5D9000672F7B /* BuyButtonStyle.swift in Sources */ = {isa = PBXBuildFile; fileRef = 344112D62ABC5D9000672F7B /* BuyButtonStyle.swift */; };
		344D74CF2ABB61D9007F7253 /* SearchView.swift in Sources */ = {isa = PBXBuildFile; fileRef = 344D74CE2ABB61D9007F7253 /* SearchView.swift */; };
		344D74D12ABB625A007F7253 /* EntityType.swift in Sources */ = {isa = PBXBuildFile; fileRef = 344D74D02ABB625A007F7253 /* EntityType.swift */; };
		348B72F72ABC8BFE000DFF45 /* AlbumRowView.swift in Sources */ = {isa = PBXBuildFile; fileRef = 348B72F62ABC8BFE000DFF45 /* AlbumRowView.swift */; };
		348B72F92ABC8CD5000DFF45 /* ObjectImageView.swift in Sources */ = {isa = PBXBuildFile; fileRef = 348B72F82ABC8CD5000DFF45 /* ObjectImageView.swift */; };
		348B72FC2ABC8EED000DFF45 /* BuyButton.swift in Sources */ = {isa = PBXBuildFile; fileRef = 348B72FB2ABC8EED000DFF45 /* BuyButton.swift */; };
		348B72FE2ABC92D7000DFF45 /* MovieRowView.swift in Sources */ = {isa = PBXBuildFile; fileRef = 348B72FD2ABC92D7000DFF45 /* MovieRowView.swift */; };
		348B73002ABC9842000DFF45 /* SongSectionView.swift in Sources */ = {isa = PBXBuildFile; fileRef = 348B72FF2ABC9842000DFF45 /* SongSectionView.swift */; };
		348B73022ABC985C000DFF45 /* MovieSectionView.swift in Sources */ = {isa = PBXBuildFile; fileRef = 348B73012ABC985C000DFF45 /* MovieSectionView.swift */; };
		348B73042ABC9865000DFF45 /* AlbumSectionView.swift in Sources */ = {isa = PBXBuildFile; fileRef = 348B73032ABC9865000DFF45 /* AlbumSectionView.swift */; };
		34D9FBDE2AB9FF710055427B /* SongListViewModel.swift in Sources */ = {isa = PBXBuildFile; fileRef = 34D9FBDD2AB9FF710055427B /* SongListViewModel.swift */; };
		34D9FBE12ABA00030055427B /* FetchState.swift in Sources */ = {isa = PBXBuildFile; fileRef = 34D9FBE02ABA00030055427B /* FetchState.swift */; };
		34D9FBE32ABA012F0055427B /* MovieListViewModel.swift in Sources */ = {isa = PBXBuildFile; fileRef = 34D9FBE22ABA012F0055427B /* MovieListViewModel.swift */; };
		34D9FBE92ABA02A10055427B /* MovieSearchView.swift in Sources */ = {isa = PBXBuildFile; fileRef = 34D9FBE82ABA02A10055427B /* MovieSearchView.swift */; };
		34D9FBEB2ABA03B70055427B /* MovieListView.swift in Sources */ = {isa = PBXBuildFile; fileRef = 34D9FBEA2ABA03B70055427B /* MovieListView.swift */; };
		34DB29632AB5BDF8004F2492 /* iTunesSearchApp.swift in Sources */ = {isa = PBXBuildFile; fileRef = 34DB29622AB5BDF8004F2492 /* iTunesSearchApp.swift */; };
		34DB29652AB5BDF8004F2492 /* ContentView.swift in Sources */ = {isa = PBXBuildFile; fileRef = 34DB29642AB5BDF8004F2492 /* ContentView.swift */; };
		34DB29672AB5BDFA004F2492 /* Assets.xcassets in Resources */ = {isa = PBXBuildFile; fileRef = 34DB29662AB5BDFA004F2492 /* Assets.xcassets */; };
		34DB296A2AB5BDFA004F2492 /* Preview Assets.xcassets in Resources */ = {isa = PBXBuildFile; fileRef = 34DB29692AB5BDFA004F2492 /* Preview Assets.xcassets */; };
		34DB29742AB5BF57004F2492 /* Album.swift in Sources */ = {isa = PBXBuildFile; fileRef = 34DB29732AB5BF57004F2492 /* Album.swift */; };
		34DB29762AB5BF83004F2492 /* AlbumListViewModel.swift in Sources */ = {isa = PBXBuildFile; fileRef = 34DB29752AB5BF83004F2492 /* AlbumListViewModel.swift */; };
		34DB29782AB5C1F8004F2492 /* Song.swift in Sources */ = {isa = PBXBuildFile; fileRef = 34DB29772AB5C1F8004F2492 /* Song.swift */; };
		34DB297A2AB5C204004F2492 /* Movie.swift in Sources */ = {isa = PBXBuildFile; fileRef = 34DB29792AB5C204004F2492 /* Movie.swift */; };
		34DB297C2AB5C4B7004F2492 /* AlbumListView.swift in Sources */ = {isa = PBXBuildFile; fileRef = 34DB297B2AB5C4B7004F2492 /* AlbumListView.swift */; };
		34DDD6902ABF329E00B14DEF /* AlbumWithSongsView.swift in Sources */ = {isa = PBXBuildFile; fileRef = 34DDD68F2ABF329E00B14DEF /* AlbumWithSongsView.swift */; };
		34E9CA862AB71AA700E132A1 /* AlbumSearchView.swift in Sources */ = {isa = PBXBuildFile; fileRef = 34E9CA852AB71AA700E132A1 /* AlbumSearchView.swift */; };
		34ECBF382ABEEFB700C9A2B0 /* AlbumDetailView.swift in Sources */ = {isa = PBXBuildFile; fileRef = 34ECBF372ABEEFB700C9A2B0 /* AlbumDetailView.swift */; };
		34ECBF3A2ABEF20A00C9A2B0 /* Formatters.swift in Sources */ = {isa = PBXBuildFile; fileRef = 34ECBF392ABEF20A00C9A2B0 /* Formatters.swift */; };
		34ECBF3E2ABEF7BF00C9A2B0 /* AlbumWithSongsViewModel.swift in Sources */ = {isa = PBXBuildFile; fileRef = 34ECBF3D2ABEF7BF00C9A2B0 /* AlbumWithSongsViewModel.swift */; };
/* End PBXBuildFile section */

/* Begin PBXFileReference section */
		3415C0C42AC181BB002487B4 /* BuySongButton.swift */ = {isa = PBXFileReference; lastKnownFileType = sourcecode.swift; path = BuySongButton.swift; sourceTree = "<group>"; };
		3423E8F82AB747F200DD9860 /* APIError.swift */ = {isa = PBXFileReference; lastKnownFileType = sourcecode.swift; path = APIError.swift; sourceTree = "<group>"; };
		3423E8FA2AB7514F00DD9860 /* APIService.swift */ = {isa = PBXFileReference; lastKnownFileType = sourcecode.swift; path = APIService.swift; sourceTree = "<group>"; };
		344112CB2ABC400E00672F7B /* SearchAllListView.swift */ = {isa = PBXFileReference; lastKnownFileType = sourcecode.swift; path = SearchAllListView.swift; sourceTree = "<group>"; };
		344112CD2ABC413900672F7B /* SongListView.swift */ = {isa = PBXFileReference; lastKnownFileType = sourcecode.swift; path = SongListView.swift; sourceTree = "<group>"; };
		344112CF2ABC454100672F7B /* SearchPlaceholderView.swift */ = {isa = PBXFileReference; lastKnownFileType = sourcecode.swift; path = SearchPlaceholderView.swift; sourceTree = "<group>"; };
		344112D32ABC5C8400672F7B /* SongRowView.swift */ = {isa = PBXFileReference; lastKnownFileType = sourcecode.swift; path = SongRowView.swift; sourceTree = "<group>"; };
		344112D62ABC5D9000672F7B /* BuyButtonStyle.swift */ = {isa = PBXFileReference; lastKnownFileType = sourcecode.swift; path = BuyButtonStyle.swift; sourceTree = "<group>"; };
		344D74CE2ABB61D9007F7253 /* SearchView.swift */ = {isa = PBXFileReference; lastKnownFileType = sourcecode.swift; path = SearchView.swift; sourceTree = "<group>"; };
		344D74D02ABB625A007F7253 /* EntityType.swift */ = {isa = PBXFileReference; lastKnownFileType = sourcecode.swift; path = EntityType.swift; sourceTree = "<group>"; };
		348B72F62ABC8BFE000DFF45 /* AlbumRowView.swift */ = {isa = PBXFileReference; lastKnownFileType = sourcecode.swift; path = AlbumRowView.swift; sourceTree = "<group>"; };
		348B72F82ABC8CD5000DFF45 /* ObjectImageView.swift */ = {isa = PBXFileReference; lastKnownFileType = sourcecode.swift; path = ObjectImageView.swift; sourceTree = "<group>"; };
		348B72FB2ABC8EED000DFF45 /* BuyButton.swift */ = {isa = PBXFileReference; lastKnownFileType = sourcecode.swift; path = BuyButton.swift; sourceTree = "<group>"; };
		348B72FD2ABC92D7000DFF45 /* MovieRowView.swift */ = {isa = PBXFileReference; lastKnownFileType = sourcecode.swift; path = MovieRowView.swift; sourceTree = "<group>"; };
		348B72FF2ABC9842000DFF45 /* SongSectionView.swift */ = {isa = PBXFileReference; lastKnownFileType = sourcecode.swift; path = SongSectionView.swift; sourceTree = "<group>"; };
		348B73012ABC985C000DFF45 /* MovieSectionView.swift */ = {isa = PBXFileReference; lastKnownFileType = sourcecode.swift; path = MovieSectionView.swift; sourceTree = "<group>"; };
		348B73032ABC9865000DFF45 /* AlbumSectionView.swift */ = {isa = PBXFileReference; lastKnownFileType = sourcecode.swift; path = AlbumSectionView.swift; sourceTree = "<group>"; };
		34D9FBDD2AB9FF710055427B /* SongListViewModel.swift */ = {isa = PBXFileReference; lastKnownFileType = sourcecode.swift; path = SongListViewModel.swift; sourceTree = "<group>"; };
		34D9FBE02ABA00030055427B /* FetchState.swift */ = {isa = PBXFileReference; lastKnownFileType = sourcecode.swift; path = FetchState.swift; sourceTree = "<group>"; };
		34D9FBE22ABA012F0055427B /* MovieListViewModel.swift */ = {isa = PBXFileReference; lastKnownFileType = sourcecode.swift; path = MovieListViewModel.swift; sourceTree = "<group>"; };
		34D9FBE82ABA02A10055427B /* MovieSearchView.swift */ = {isa = PBXFileReference; lastKnownFileType = sourcecode.swift; path = MovieSearchView.swift; sourceTree = "<group>"; };
		34D9FBEA2ABA03B70055427B /* MovieListView.swift */ = {isa = PBXFileReference; lastKnownFileType = sourcecode.swift; path = MovieListView.swift; sourceTree = "<group>"; };
		34DB295F2AB5BDF8004F2492 /* iTunesSearch.app */ = {isa = PBXFileReference; explicitFileType = wrapper.application; includeInIndex = 0; path = iTunesSearch.app; sourceTree = BUILT_PRODUCTS_DIR; };
		34DB29622AB5BDF8004F2492 /* iTunesSearchApp.swift */ = {isa = PBXFileReference; lastKnownFileType = sourcecode.swift; path = iTunesSearchApp.swift; sourceTree = "<group>"; };
		34DB29642AB5BDF8004F2492 /* ContentView.swift */ = {isa = PBXFileReference; lastKnownFileType = sourcecode.swift; path = ContentView.swift; sourceTree = "<group>"; };
		34DB29662AB5BDFA004F2492 /* Assets.xcassets */ = {isa = PBXFileReference; lastKnownFileType = folder.assetcatalog; path = Assets.xcassets; sourceTree = "<group>"; };
		34DB29692AB5BDFA004F2492 /* Preview Assets.xcassets */ = {isa = PBXFileReference; lastKnownFileType = folder.assetcatalog; path = "Preview Assets.xcassets"; sourceTree = "<group>"; };
		34DB29732AB5BF57004F2492 /* Album.swift */ = {isa = PBXFileReference; lastKnownFileType = sourcecode.swift; path = Album.swift; sourceTree = "<group>"; };
		34DB29752AB5BF83004F2492 /* AlbumListViewModel.swift */ = {isa = PBXFileReference; lastKnownFileType = sourcecode.swift; path = AlbumListViewModel.swift; sourceTree = "<group>"; };
		34DB29772AB5C1F8004F2492 /* Song.swift */ = {isa = PBXFileReference; lastKnownFileType = sourcecode.swift; path = Song.swift; sourceTree = "<group>"; };
		34DB29792AB5C204004F2492 /* Movie.swift */ = {isa = PBXFileReference; lastKnownFileType = sourcecode.swift; path = Movie.swift; sourceTree = "<group>"; };
		34DB297B2AB5C4B7004F2492 /* AlbumListView.swift */ = {isa = PBXFileReference; lastKnownFileType = sourcecode.swift; path = AlbumListView.swift; sourceTree = "<group>"; };
		34DDD68F2ABF329E00B14DEF /* AlbumWithSongsView.swift */ = {isa = PBXFileReference; lastKnownFileType = sourcecode.swift; path = AlbumWithSongsView.swift; sourceTree = "<group>"; };
		34E9CA852AB71AA700E132A1 /* AlbumSearchView.swift */ = {isa = PBXFileReference; lastKnownFileType = sourcecode.swift; path = AlbumSearchView.swift; sourceTree = "<group>"; };
		34ECBF372ABEEFB700C9A2B0 /* AlbumDetailView.swift */ = {isa = PBXFileReference; lastKnownFileType = sourcecode.swift; path = AlbumDetailView.swift; sourceTree = "<group>"; };
		34ECBF392ABEF20A00C9A2B0 /* Formatters.swift */ = {isa = PBXFileReference; lastKnownFileType = sourcecode.swift; path = Formatters.swift; sourceTree = "<group>"; };
		34ECBF3D2ABEF7BF00C9A2B0 /* AlbumWithSongsViewModel.swift */ = {isa = PBXFileReference; lastKnownFileType = sourcecode.swift; path = AlbumWithSongsViewModel.swift; sourceTree = "<group>"; };
/* End PBXFileReference section */

/* Begin PBXFrameworksBuildPhase section */
		34DB295C2AB5BDF8004F2492 /* Frameworks */ = {
			isa = PBXFrameworksBuildPhase;
			buildActionMask = 2147483647;
			files = (
			);
			runOnlyForDeploymentPostprocessing = 0;
		};
/* End PBXFrameworksBuildPhase section */

/* Begin PBXGroup section */
		3423E8F72AB747E200DD9860 /* NetworkManager */ = {
			isa = PBXGroup;
			children = (
				3423E8F82AB747F200DD9860 /* APIError.swift */,
				3423E8FA2AB7514F00DD9860 /* APIService.swift */,
				34D9FBE02ABA00030055427B /* FetchState.swift */,
			);
			path = NetworkManager;
			sourceTree = "<group>";
		};
		344112D52ABC5D8000672F7B /* Styling */ = {
			isa = PBXGroup;
			children = (
				344112D62ABC5D9000672F7B /* BuyButtonStyle.swift */,
			);
			path = Styling;
			sourceTree = "<group>";
		};
		344D74CD2ABB61CA007F7253 /* Search */ = {
			isa = PBXGroup;
			children = (
				344D74CE2ABB61D9007F7253 /* SearchView.swift */,
				344112CB2ABC400E00672F7B /* SearchAllListView.swift */,
				344112CF2ABC454100672F7B /* SearchPlaceholderView.swift */,
			);
			path = Search;
			sourceTree = "<group>";
		};
		348B72FA2ABC8EBF000DFF45 /* CommonViews */ = {
			isa = PBXGroup;
			children = (
				348B72FB2ABC8EED000DFF45 /* BuyButton.swift */,
				3415C0C42AC181BB002487B4 /* BuySongButton.swift */,
				348B72F82ABC8CD5000DFF45 /* ObjectImageView.swift */,
			);
			path = CommonViews;
			sourceTree = "<group>";
		};
		34D9FBDF2AB9FFEA0055427B /* Utils */ = {
			isa = PBXGroup;
			children = (
				344112D52ABC5D8000672F7B /* Styling */,
				344D74D02ABB625A007F7253 /* EntityType.swift */,
				34ECBF392ABEF20A00C9A2B0 /* Formatters.swift */,
			);
			path = Utils;
			sourceTree = "<group>";
		};
		34D9FBE42ABA02570055427B /* Album */ = {
			isa = PBXGroup;
			children = (
				34E9CA852AB71AA700E132A1 /* AlbumSearchView.swift */,
				34DB297B2AB5C4B7004F2492 /* AlbumListView.swift */,
				348B72F62ABC8BFE000DFF45 /* AlbumRowView.swift */,
				348B73032ABC9865000DFF45 /* AlbumSectionView.swift */,
				34ECBF372ABEEFB700C9A2B0 /* AlbumDetailView.swift */,
				34DDD68F2ABF329E00B14DEF /* AlbumWithSongsView.swift */,
			);
			path = Album;
			sourceTree = "<group>";
		};
		34D9FBE52ABA02630055427B /* Movie */ = {
			isa = PBXGroup;
			children = (
				34D9FBE82ABA02A10055427B /* MovieSearchView.swift */,
				34D9FBEA2ABA03B70055427B /* MovieListView.swift */,
				348B72FD2ABC92D7000DFF45 /* MovieRowView.swift */,
				348B73012ABC985C000DFF45 /* MovieSectionView.swift */,
			);
			path = Movie;
			sourceTree = "<group>";
		};
		34D9FBE62ABA02760055427B /* Song */ = {
			isa = PBXGroup;
			children = (
				344112CD2ABC413900672F7B /* SongListView.swift */,
				344112D32ABC5C8400672F7B /* SongRowView.swift */,
				348B72FF2ABC9842000DFF45 /* SongSectionView.swift */,
			);
			path = Song;
			sourceTree = "<group>";
		};
		34DB29562AB5BDF7004F2492 = {
			isa = PBXGroup;
			children = (
				34DB29612AB5BDF8004F2492 /* iTunesSearch */,
				34DB29602AB5BDF8004F2492 /* Products */,
			);
			sourceTree = "<group>";
		};
		34DB29602AB5BDF8004F2492 /* Products */ = {
			isa = PBXGroup;
			children = (
				34DB295F2AB5BDF8004F2492 /* iTunesSearch.app */,
			);
			name = Products;
			sourceTree = "<group>";
		};
		34DB29612AB5BDF8004F2492 /* iTunesSearch */ = {
			isa = PBXGroup;
			children = (
				34DB29622AB5BDF8004F2492 /* iTunesSearchApp.swift */,
				34DB29642AB5BDF8004F2492 /* ContentView.swift */,
				34DB29722AB5BF45004F2492 /* Models */,
				34DB29702AB5BF39004F2492 /* Views */,
				34DB29712AB5BF40004F2492 /* ViewModels */,
				3423E8F72AB747E200DD9860 /* NetworkManager */,
				34D9FBDF2AB9FFEA0055427B /* Utils */,
				34DB29662AB5BDFA004F2492 /* Assets.xcassets */,
				34DB29682AB5BDFA004F2492 /* Preview Content */,
			);
			path = iTunesSearch;
			sourceTree = "<group>";
		};
		34DB29682AB5BDFA004F2492 /* Preview Content */ = {
			isa = PBXGroup;
			children = (
				34DB29692AB5BDFA004F2492 /* Preview Assets.xcassets */,
			);
			path = "Preview Content";
			sourceTree = "<group>";
		};
		34DB29702AB5BF39004F2492 /* Views */ = {
			isa = PBXGroup;
			children = (
				348B72FA2ABC8EBF000DFF45 /* CommonViews */,
				344D74CD2ABB61CA007F7253 /* Search */,
				34D9FBE42ABA02570055427B /* Album */,
				34D9FBE52ABA02630055427B /* Movie */,
				34D9FBE62ABA02760055427B /* Song */,
			);
			path = Views;
			sourceTree = "<group>";
		};
		34DB29712AB5BF40004F2492 /* ViewModels */ = {
			isa = PBXGroup;
			children = (
				34ECBF3C2ABEF79A00C9A2B0 /* DetailVM */,
				34ECBF3B2ABEF78B00C9A2B0 /* GeneralVM */,
			);
			path = ViewModels;
			sourceTree = "<group>";
		};
		34DB29722AB5BF45004F2492 /* Models */ = {
			isa = PBXGroup;
			children = (
				34DB29732AB5BF57004F2492 /* Album.swift */,
				34DB29792AB5C204004F2492 /* Movie.swift */,
				34DB29772AB5C1F8004F2492 /* Song.swift */,
			);
			path = Models;
			sourceTree = "<group>";
		};
		34ECBF3B2ABEF78B00C9A2B0 /* GeneralVM */ = {
			isa = PBXGroup;
			children = (
				34DB29752AB5BF83004F2492 /* AlbumListViewModel.swift */,
				34D9FBE22ABA012F0055427B /* MovieListViewModel.swift */,
				34D9FBDD2AB9FF710055427B /* SongListViewModel.swift */,
			);
			path = GeneralVM;
			sourceTree = "<group>";
		};
		34ECBF3C2ABEF79A00C9A2B0 /* DetailVM */ = {
			isa = PBXGroup;
			children = (
				34ECBF3D2ABEF7BF00C9A2B0 /* AlbumWithSongsViewModel.swift */,
			);
			path = DetailVM;
			sourceTree = "<group>";
		};
/* End PBXGroup section */

/* Begin PBXNativeTarget section */
		34DB295E2AB5BDF8004F2492 /* iTunesSearch */ = {
			isa = PBXNativeTarget;
			buildConfigurationList = 34DB296D2AB5BDFA004F2492 /* Build configuration list for PBXNativeTarget "iTunesSearch" */;
			buildPhases = (
				34DB295B2AB5BDF8004F2492 /* Sources */,
				34DB295C2AB5BDF8004F2492 /* Frameworks */,
				34DB295D2AB5BDF8004F2492 /* Resources */,
			);
			buildRules = (
			);
			dependencies = (
			);
			name = iTunesSearch;
			productName = iTunesSearch;
			productReference = 34DB295F2AB5BDF8004F2492 /* iTunesSearch.app */;
			productType = "com.apple.product-type.application";
		};
/* End PBXNativeTarget section */

/* Begin PBXProject section */
		34DB29572AB5BDF7004F2492 /* Project object */ = {
			isa = PBXProject;
			attributes = {
				BuildIndependentTargetsInParallel = 1;
				LastSwiftUpdateCheck = 1430;
				LastUpgradeCheck = 1430;
				TargetAttributes = {
					34DB295E2AB5BDF8004F2492 = {
						CreatedOnToolsVersion = 14.3.1;
					};
				};
			};
			buildConfigurationList = 34DB295A2AB5BDF7004F2492 /* Build configuration list for PBXProject "iTunesSearch" */;
			compatibilityVersion = "Xcode 14.0";
			developmentRegion = en;
			hasScannedForEncodings = 0;
			knownRegions = (
				en,
				Base,
			);
			mainGroup = 34DB29562AB5BDF7004F2492;
			productRefGroup = 34DB29602AB5BDF8004F2492 /* Products */;
			projectDirPath = "";
			projectRoot = "";
			targets = (
				34DB295E2AB5BDF8004F2492 /* iTunesSearch */,
			);
		};
/* End PBXProject section */

/* Begin PBXResourcesBuildPhase section */
		34DB295D2AB5BDF8004F2492 /* Resources */ = {
			isa = PBXResourcesBuildPhase;
			buildActionMask = 2147483647;
			files = (
				34DB296A2AB5BDFA004F2492 /* Preview Assets.xcassets in Resources */,
				34DB29672AB5BDFA004F2492 /* Assets.xcassets in Resources */,
			);
			runOnlyForDeploymentPostprocessing = 0;
		};
/* End PBXResourcesBuildPhase section */

/* Begin PBXSourcesBuildPhase section */
		34DB295B2AB5BDF8004F2492 /* Sources */ = {
			isa = PBXSourcesBuildPhase;
			buildActionMask = 2147483647;
			files = (
				344112CC2ABC400E00672F7B /* SearchAllListView.swift in Sources */,
				348B73022ABC985C000DFF45 /* MovieSectionView.swift in Sources */,
				34DB29762AB5BF83004F2492 /* AlbumListViewModel.swift in Sources */,
				348B72FE2ABC92D7000DFF45 /* MovieRowView.swift in Sources */,
				34D9FBE92ABA02A10055427B /* MovieSearchView.swift in Sources */,
				34D9FBEB2ABA03B70055427B /* MovieListView.swift in Sources */,
				34DDD6902ABF329E00B14DEF /* AlbumWithSongsView.swift in Sources */,
				3415C0C52AC181BB002487B4 /* BuySongButton.swift in Sources */,
				34DB29652AB5BDF8004F2492 /* ContentView.swift in Sources */,
				34D9FBE12ABA00030055427B /* FetchState.swift in Sources */,
				344112D02ABC454100672F7B /* SearchPlaceholderView.swift in Sources */,
				348B73002ABC9842000DFF45 /* SongSectionView.swift in Sources */,
				34ECBF3E2ABEF7BF00C9A2B0 /* AlbumWithSongsViewModel.swift in Sources */,
				344D74D12ABB625A007F7253 /* EntityType.swift in Sources */,
				34D9FBDE2AB9FF710055427B /* SongListViewModel.swift in Sources */,
				34E9CA862AB71AA700E132A1 /* AlbumSearchView.swift in Sources */,
				34D9FBE32ABA012F0055427B /* MovieListViewModel.swift in Sources */,
				344112D42ABC5C8400672F7B /* SongRowView.swift in Sources */,
				344112CE2ABC413900672F7B /* SongListView.swift in Sources */,
				344112D72ABC5D9000672F7B /* BuyButtonStyle.swift in Sources */,
				34DB297A2AB5C204004F2492 /* Movie.swift in Sources */,
				34DB29632AB5BDF8004F2492 /* iTunesSearchApp.swift in Sources */,
				34ECBF3A2ABEF20A00C9A2B0 /* Formatters.swift in Sources */,
				348B72F72ABC8BFE000DFF45 /* AlbumRowView.swift in Sources */,
				348B72FC2ABC8EED000DFF45 /* BuyButton.swift in Sources */,
				34DB29742AB5BF57004F2492 /* Album.swift in Sources */,
				3423E8FB2AB7514F00DD9860 /* APIService.swift in Sources */,
				344D74CF2ABB61D9007F7253 /* SearchView.swift in Sources */,
				348B73042ABC9865000DFF45 /* AlbumSectionView.swift in Sources */,
				34ECBF382ABEEFB700C9A2B0 /* AlbumDetailView.swift in Sources */,
				34DB29782AB5C1F8004F2492 /* Song.swift in Sources */,
				348B72F92ABC8CD5000DFF45 /* ObjectImageView.swift in Sources */,
				34DB297C2AB5C4B7004F2492 /* AlbumListView.swift in Sources */,
				3423E8F92AB747F200DD9860 /* APIError.swift in Sources */,
			);
			runOnlyForDeploymentPostprocessing = 0;
		};
/* End PBXSourcesBuildPhase section */

/* Begin XCBuildConfiguration section */
		34DB296B2AB5BDFA004F2492 /* Debug */ = {
			isa = XCBuildConfiguration;
			buildSettings = {
				ALWAYS_SEARCH_USER_PATHS = NO;
				CLANG_ANALYZER_NONNULL = YES;
				CLANG_ANALYZER_NUMBER_OBJECT_CONVERSION = YES_AGGRESSIVE;
				CLANG_CXX_LANGUAGE_STANDARD = "gnu++20";
				CLANG_ENABLE_MODULES = YES;
				CLANG_ENABLE_OBJC_ARC = YES;
				CLANG_ENABLE_OBJC_WEAK = YES;
				CLANG_WARN_BLOCK_CAPTURE_AUTORELEASING = YES;
				CLANG_WARN_BOOL_CONVERSION = YES;
				CLANG_WARN_COMMA = YES;
				CLANG_WARN_CONSTANT_CONVERSION = YES;
				CLANG_WARN_DEPRECATED_OBJC_IMPLEMENTATIONS = YES;
				CLANG_WARN_DIRECT_OBJC_ISA_USAGE = YES_ERROR;
				CLANG_WARN_DOCUMENTATION_COMMENTS = YES;
				CLANG_WARN_EMPTY_BODY = YES;
				CLANG_WARN_ENUM_CONVERSION = YES;
				CLANG_WARN_INFINITE_RECURSION = YES;
				CLANG_WARN_INT_CONVERSION = YES;
				CLANG_WARN_NON_LITERAL_NULL_CONVERSION = YES;
				CLANG_WARN_OBJC_IMPLICIT_RETAIN_SELF = YES;
				CLANG_WARN_OBJC_LITERAL_CONVERSION = YES;
				CLANG_WARN_OBJC_ROOT_CLASS = YES_ERROR;
				CLANG_WARN_QUOTED_INCLUDE_IN_FRAMEWORK_HEADER = YES;
				CLANG_WARN_RANGE_LOOP_ANALYSIS = YES;
				CLANG_WARN_STRICT_PROTOTYPES = YES;
				CLANG_WARN_SUSPICIOUS_MOVE = YES;
				CLANG_WARN_UNGUARDED_AVAILABILITY = YES_AGGRESSIVE;
				CLANG_WARN_UNREACHABLE_CODE = YES;
				CLANG_WARN__DUPLICATE_METHOD_MATCH = YES;
				COPY_PHASE_STRIP = NO;
				DEBUG_INFORMATION_FORMAT = dwarf;
				ENABLE_STRICT_OBJC_MSGSEND = YES;
				ENABLE_TESTABILITY = YES;
				GCC_C_LANGUAGE_STANDARD = gnu11;
				GCC_DYNAMIC_NO_PIC = NO;
				GCC_NO_COMMON_BLOCKS = YES;
				GCC_OPTIMIZATION_LEVEL = 0;
				GCC_PREPROCESSOR_DEFINITIONS = (
					"DEBUG=1",
					"$(inherited)",
				);
				GCC_WARN_64_TO_32_BIT_CONVERSION = YES;
				GCC_WARN_ABOUT_RETURN_TYPE = YES_ERROR;
				GCC_WARN_UNDECLARED_SELECTOR = YES;
				GCC_WARN_UNINITIALIZED_AUTOS = YES_AGGRESSIVE;
				GCC_WARN_UNUSED_FUNCTION = YES;
				GCC_WARN_UNUSED_VARIABLE = YES;
				IPHONEOS_DEPLOYMENT_TARGET = 16.4;
				MTL_ENABLE_DEBUG_INFO = INCLUDE_SOURCE;
				MTL_FAST_MATH = YES;
				ONLY_ACTIVE_ARCH = YES;
				SDKROOT = iphoneos;
				SWIFT_ACTIVE_COMPILATION_CONDITIONS = DEBUG;
				SWIFT_OPTIMIZATION_LEVEL = "-Onone";
			};
			name = Debug;
		};
		34DB296C2AB5BDFA004F2492 /* Release */ = {
			isa = XCBuildConfiguration;
			buildSettings = {
				ALWAYS_SEARCH_USER_PATHS = NO;
				CLANG_ANALYZER_NONNULL = YES;
				CLANG_ANALYZER_NUMBER_OBJECT_CONVERSION = YES_AGGRESSIVE;
				CLANG_CXX_LANGUAGE_STANDARD = "gnu++20";
				CLANG_ENABLE_MODULES = YES;
				CLANG_ENABLE_OBJC_ARC = YES;
				CLANG_ENABLE_OBJC_WEAK = YES;
				CLANG_WARN_BLOCK_CAPTURE_AUTORELEASING = YES;
				CLANG_WARN_BOOL_CONVERSION = YES;
				CLANG_WARN_COMMA = YES;
				CLANG_WARN_CONSTANT_CONVERSION = YES;
				CLANG_WARN_DEPRECATED_OBJC_IMPLEMENTATIONS = YES;
				CLANG_WARN_DIRECT_OBJC_ISA_USAGE = YES_ERROR;
				CLANG_WARN_DOCUMENTATION_COMMENTS = YES;
				CLANG_WARN_EMPTY_BODY = YES;
				CLANG_WARN_ENUM_CONVERSION = YES;
				CLANG_WARN_INFINITE_RECURSION = YES;
				CLANG_WARN_INT_CONVERSION = YES;
				CLANG_WARN_NON_LITERAL_NULL_CONVERSION = YES;
				CLANG_WARN_OBJC_IMPLICIT_RETAIN_SELF = YES;
				CLANG_WARN_OBJC_LITERAL_CONVERSION = YES;
				CLANG_WARN_OBJC_ROOT_CLASS = YES_ERROR;
				CLANG_WARN_QUOTED_INCLUDE_IN_FRAMEWORK_HEADER = YES;
				CLANG_WARN_RANGE_LOOP_ANALYSIS = YES;
				CLANG_WARN_STRICT_PROTOTYPES = YES;
				CLANG_WARN_SUSPICIOUS_MOVE = YES;
				CLANG_WARN_UNGUARDED_AVAILABILITY = YES_AGGRESSIVE;
				CLANG_WARN_UNREACHABLE_CODE = YES;
				CLANG_WARN__DUPLICATE_METHOD_MATCH = YES;
				COPY_PHASE_STRIP = NO;
				DEBUG_INFORMATION_FORMAT = "dwarf-with-dsym";
				ENABLE_NS_ASSERTIONS = NO;
				ENABLE_STRICT_OBJC_MSGSEND = YES;
				GCC_C_LANGUAGE_STANDARD = gnu11;
				GCC_NO_COMMON_BLOCKS = YES;
				GCC_WARN_64_TO_32_BIT_CONVERSION = YES;
				GCC_WARN_ABOUT_RETURN_TYPE = YES_ERROR;
				GCC_WARN_UNDECLARED_SELECTOR = YES;
				GCC_WARN_UNINITIALIZED_AUTOS = YES_AGGRESSIVE;
				GCC_WARN_UNUSED_FUNCTION = YES;
				GCC_WARN_UNUSED_VARIABLE = YES;
				IPHONEOS_DEPLOYMENT_TARGET = 16.4;
				MTL_ENABLE_DEBUG_INFO = NO;
				MTL_FAST_MATH = YES;
				SDKROOT = iphoneos;
				SWIFT_COMPILATION_MODE = wholemodule;
				SWIFT_OPTIMIZATION_LEVEL = "-O";
				VALIDATE_PRODUCT = YES;
			};
			name = Release;
		};
		34DB296E2AB5BDFA004F2492 /* Debug */ = {
			isa = XCBuildConfiguration;
			buildSettings = {
				ASSETCATALOG_COMPILER_APPICON_NAME = AppIcon;
				ASSETCATALOG_COMPILER_GLOBAL_ACCENT_COLOR_NAME = AccentColor;
				CODE_SIGN_STYLE = Automatic;
				CURRENT_PROJECT_VERSION = 1;
				DEVELOPMENT_ASSET_PATHS = "\"iTunesSearch/Preview Content\"";
				DEVELOPMENT_TEAM = 4XAMG487KR;
				ENABLE_PREVIEWS = YES;
				GENERATE_INFOPLIST_FILE = YES;
				INFOPLIST_KEY_UIApplicationSceneManifest_Generation = YES;
				INFOPLIST_KEY_UIApplicationSupportsIndirectInputEvents = YES;
				INFOPLIST_KEY_UILaunchScreen_Generation = YES;
				INFOPLIST_KEY_UISupportedInterfaceOrientations_iPad = "UIInterfaceOrientationPortrait UIInterfaceOrientationPortraitUpsideDown UIInterfaceOrientationLandscapeLeft UIInterfaceOrientationLandscapeRight";
				INFOPLIST_KEY_UISupportedInterfaceOrientations_iPhone = "UIInterfaceOrientationPortrait UIInterfaceOrientationLandscapeLeft UIInterfaceOrientationLandscapeRight";
				LD_RUNPATH_SEARCH_PATHS = (
					"$(inherited)",
					"@executable_path/Frameworks",
				);
				MARKETING_VERSION = 1.0;
				PRODUCT_BUNDLE_IDENTIFIER = com.quarantasis.iTunesSearch;
				PRODUCT_NAME = "$(TARGET_NAME)";
				SWIFT_EMIT_LOC_STRINGS = YES;
				SWIFT_VERSION = 5.0;
				TARGETED_DEVICE_FAMILY = "1,2";
			};
			name = Debug;
		};
		34DB296F2AB5BDFA004F2492 /* Release */ = {
			isa = XCBuildConfiguration;
			buildSettings = {
				ASSETCATALOG_COMPILER_APPICON_NAME = AppIcon;
				ASSETCATALOG_COMPILER_GLOBAL_ACCENT_COLOR_NAME = AccentColor;
				CODE_SIGN_STYLE = Automatic;
				CURRENT_PROJECT_VERSION = 1;
				DEVELOPMENT_ASSET_PATHS = "\"iTunesSearch/Preview Content\"";
				DEVELOPMENT_TEAM = 4XAMG487KR;
				ENABLE_PREVIEWS = YES;
				GENERATE_INFOPLIST_FILE = YES;
				INFOPLIST_KEY_UIApplicationSceneManifest_Generation = YES;
				INFOPLIST_KEY_UIApplicationSupportsIndirectInputEvents = YES;
				INFOPLIST_KEY_UILaunchScreen_Generation = YES;
				INFOPLIST_KEY_UISupportedInterfaceOrientations_iPad = "UIInterfaceOrientationPortrait UIInterfaceOrientationPortraitUpsideDown UIInterfaceOrientationLandscapeLeft UIInterfaceOrientationLandscapeRight";
				INFOPLIST_KEY_UISupportedInterfaceOrientations_iPhone = "UIInterfaceOrientationPortrait UIInterfaceOrientationLandscapeLeft UIInterfaceOrientationLandscapeRight";
				LD_RUNPATH_SEARCH_PATHS = (
					"$(inherited)",
					"@executable_path/Frameworks",
				);
				MARKETING_VERSION = 1.0;
				PRODUCT_BUNDLE_IDENTIFIER = com.quarantasis.iTunesSearch;
				PRODUCT_NAME = "$(TARGET_NAME)";
				SWIFT_EMIT_LOC_STRINGS = YES;
				SWIFT_VERSION = 5.0;
				TARGETED_DEVICE_FAMILY = "1,2";
			};
			name = Release;
		};
/* End XCBuildConfiguration section */

/* Begin XCConfigurationList section */
		34DB295A2AB5BDF7004F2492 /* Build configuration list for PBXProject "iTunesSearch" */ = {
			isa = XCConfigurationList;
			buildConfigurations = (
				34DB296B2AB5BDFA004F2492 /* Debug */,
				34DB296C2AB5BDFA004F2492 /* Release */,
			);
			defaultConfigurationIsVisible = 0;
			defaultConfigurationName = Release;
		};
		34DB296D2AB5BDFA004F2492 /* Build configuration list for PBXNativeTarget "iTunesSearch" */ = {
			isa = XCConfigurationList;
			buildConfigurations = (
				34DB296E2AB5BDFA004F2492 /* Debug */,
				34DB296F2AB5BDFA004F2492 /* Release */,
			);
			defaultConfigurationIsVisible = 0;
			defaultConfigurationName = Release;
		};
/* End XCConfigurationList section */
	};
	rootObject = 34DB29572AB5BDF7004F2492 /* Project object */;
}
